
Microsoft Visual Studio Solution File, Format Version 12.00
# Visual Studio Version 17
VisualStudioVersion = 17.9.34723.18
MinimumVisualStudioVersion = 10.0.40219.1
Project("{FAE04EC0-301F-11D3-BF4B-00C04F79EFBC}") = "TestProject2", "TestProject2\TestProject2.csproj", "{342E6846-5CD5-4324-856B-29E77B05EFD6}"
EndProject
Global
	GlobalSection(SolutionConfigurationPlatforms) = preSolution
		Debug|Any CPU = Debug|Any CPU
		Release|Any CPU = Release|Any CPU
	EndGlobalSection
	GlobalSection(ProjectConfigurationPlatforms) = postSolution
		{342E6846-5CD5-4324-856B-29E77B05EFD6}.Debug|Any CPU.ActiveCfg = Debug|Any CPU
		{342E6846-5CD5-4324-856B-29E77B05EFD6}.Debug|Any CPU.Build.0 = Debug|Any CPU
		{342E6846-5CD5-4324-856B-29E77B05EFD6}.Release|Any CPU.ActiveCfg = Release|Any CPU
		{342E6846-5CD5-4324-856B-29E77B05EFD6}.Release|Any CPU.Build.0 = Release|Any CPU
	EndGlobalSection
	GlobalSection(SolutionProperties) = preSolution
		HideSolutionNode = FALSE
	EndGlobalSection
	GlobalSection(ExtensibilityGlobals) = postSolution
		SolutionGuid = {E7596D92-B10F-4D57-9889-9159D8296052}
	EndGlobalSection
EndGlobal
